
Microsoft Visual Studio Solution File, Format Version 12.00
# Visual Studio Version 17
VisualStudioVersion = 17.2.32630.192
MinimumVisualStudioVersion = 10.0.40219.1
Project("{FAE04EC0-301F-11D3-BF4B-00C04F79EFBC}") = "Project1_ContosoUniversity", "Project1_ContosoUniversity\Project1_ContosoUniversity.csproj", "{C9AB34B8-20C6-4FA1-9C4E-C3C7A1D1B25B}"
EndProject
Global
	GlobalSection(SolutionConfigurationPlatforms) = preSolution
		Debug|Any CPU = Debug|Any CPU
		Release|Any CPU = Release|Any CPU
	EndGlobalSection
	GlobalSection(ProjectConfigurationPlatforms) = postSolution
		{C9AB34B8-20C6-4FA1-9C4E-C3C7A1D1B25B}.Debug|Any CPU.ActiveCfg = Debug|Any CPU
		{C9AB34B8-20C6-4FA1-9C4E-C3C7A1D1B25B}.Debug|Any CPU.Build.0 = Debug|Any CPU
		{C9AB34B8-20C6-4FA1-9C4E-C3C7A1D1B25B}.Release|Any CPU.ActiveCfg = Release|Any CPU
		{C9AB34B8-20C6-4FA1-9C4E-C3C7A1D1B25B}.Release|Any CPU.Build.0 = Release|Any CPU
	EndGlobalSection
	GlobalSection(SolutionProperties) = preSolution
		HideSolutionNode = FALSE
	EndGlobalSection
	GlobalSection(ExtensibilityGlobals) = postSolution
		SolutionGuid = {AF16712C-8BD1-4029-941D-B2EB38A1583C}
	EndGlobalSection
EndGlobal
